// !$*UTF8*$!
{
	archiveVersion = 1;
	classes = {
	};
	objectVersion = 56;
	objects = {

/* Begin PBXBuildFile section */
		DBA85074293DE3D4001A3B6D /* XmlParseApp.swift in Sources */ = {isa = PBXBuildFile; fileRef = DBA85073293DE3D4001A3B6D /* XmlParseApp.swift */; };
		DBA85076293DE3D4001A3B6D /* ContentView.swift in Sources */ = {isa = PBXBuildFile; fileRef = DBA85075293DE3D4001A3B6D /* ContentView.swift */; };
		DBA85078293DE3D6001A3B6D /* Assets.xcassets in Resources */ = {isa = PBXBuildFile; fileRef = DBA85077293DE3D6001A3B6D /* Assets.xcassets */; };
		DBA8507C293DE3D6001A3B6D /* Preview Assets.xcassets in Resources */ = {isa = PBXBuildFile; fileRef = DBA8507B293DE3D6001A3B6D /* Preview Assets.xcassets */; };
		DBA85083293DE438001A3B6D /* test.xml in Resources */ = {isa = PBXBuildFile; fileRef = DBA85082293DE438001A3B6D /* test.xml */; };
		DBA85085293DE682001A3B6D /* SunParser.swift in Sources */ = {isa = PBXBuildFile; fileRef = DBA85084293DE682001A3B6D /* SunParser.swift */; };
		DBA85088293E4A88001A3B6D /* Localizable.strings in Resources */ = {isa = PBXBuildFile; fileRef = DBA85086293E4A88001A3B6D /* Localizable.strings */; };
		DBA8508A293E5346001A3B6D /* FormatDateToString.swift in Sources */ = {isa = PBXBuildFile; fileRef = DBA85089293E5346001A3B6D /* FormatDateToString.swift */; };
		DBA8508C293E5844001A3B6D /* SunInfo.swift in Sources */ = {isa = PBXBuildFile; fileRef = DBA8508B293E5844001A3B6D /* SunInfo.swift */; };
/* End PBXBuildFile section */

/* Begin PBXFileReference section */
		DBA85070293DE3D4001A3B6D /* XmlParse.app */ = {isa = PBXFileReference; explicitFileType = wrapper.application; includeInIndex = 0; path = XmlParse.app; sourceTree = BUILT_PRODUCTS_DIR; };
		DBA85073293DE3D4001A3B6D /* XmlParseApp.swift */ = {isa = PBXFileReference; lastKnownFileType = sourcecode.swift; path = XmlParseApp.swift; sourceTree = "<group>"; };
		DBA85075293DE3D4001A3B6D /* ContentView.swift */ = {isa = PBXFileReference; lastKnownFileType = sourcecode.swift; path = ContentView.swift; sourceTree = "<group>"; };
		DBA85077293DE3D6001A3B6D /* Assets.xcassets */ = {isa = PBXFileReference; lastKnownFileType = folder.assetcatalog; path = Assets.xcassets; sourceTree = "<group>"; };
		DBA85079293DE3D6001A3B6D /* XmlParse.entitlements */ = {isa = PBXFileReference; lastKnownFileType = text.plist.entitlements; path = XmlParse.entitlements; sourceTree = "<group>"; };
		DBA8507B293DE3D6001A3B6D /* Preview Assets.xcassets */ = {isa = PBXFileReference; lastKnownFileType = folder.assetcatalog; path = "Preview Assets.xcassets"; sourceTree = "<group>"; };
		DBA85082293DE438001A3B6D /* test.xml */ = {isa = PBXFileReference; lastKnownFileType = text.xml; path = test.xml; sourceTree = "<group>"; };
		DBA85084293DE682001A3B6D /* SunParser.swift */ = {isa = PBXFileReference; lastKnownFileType = sourcecode.swift; path = SunParser.swift; sourceTree = "<group>"; };
		DBA85087293E4A88001A3B6D /* nb */ = {isa = PBXFileReference; lastKnownFileType = text.plist.strings; name = nb; path = nb.lproj/Localizable.strings; sourceTree = "<group>"; };
		DBA85089293E5346001A3B6D /* FormatDateToString.swift */ = {isa = PBXFileReference; lastKnownFileType = sourcecode.swift; path = FormatDateToString.swift; sourceTree = "<group>"; };
		DBA8508B293E5844001A3B6D /* SunInfo.swift */ = {isa = PBXFileReference; lastKnownFileType = sourcecode.swift; path = SunInfo.swift; sourceTree = "<group>"; };
/* End PBXFileReference section */

/* Begin PBXFrameworksBuildPhase section */
		DBA8506D293DE3D4001A3B6D /* Frameworks */ = {
			isa = PBXFrameworksBuildPhase;
			buildActionMask = 2147483647;
			files = (
			);
			runOnlyForDeploymentPostprocessing = 0;
		};
/* End PBXFrameworksBuildPhase section */

/* Begin PBXGroup section */
		DBA85067293DE3D4001A3B6D = {
			isa = PBXGroup;
			children = (
				DBA85072293DE3D4001A3B6D /* XmlParse */,
				DBA85071293DE3D4001A3B6D /* Products */,
			);
			sourceTree = "<group>";
		};
		DBA85071293DE3D4001A3B6D /* Products */ = {
			isa = PBXGroup;
			children = (
				DBA85070293DE3D4001A3B6D /* XmlParse.app */,
			);
			name = Products;
			sourceTree = "<group>";
		};
		DBA85072293DE3D4001A3B6D /* XmlParse */ = {
			isa = PBXGroup;
			children = (
				DBA85086293E4A88001A3B6D /* Localizable.strings */,
				DBA85073293DE3D4001A3B6D /* XmlParseApp.swift */,
				DBA85075293DE3D4001A3B6D /* ContentView.swift */,
				DBA85077293DE3D6001A3B6D /* Assets.xcassets */,
				DBA85079293DE3D6001A3B6D /* XmlParse.entitlements */,
				DBA8507A293DE3D6001A3B6D /* Preview Content */,
				DBA85082293DE438001A3B6D /* test.xml */,
				DBA85084293DE682001A3B6D /* SunParser.swift */,
				DBA85089293E5346001A3B6D /* FormatDateToString.swift */,
				DBA8508B293E5844001A3B6D /* SunInfo.swift */,
			);
			path = XmlParse;
			sourceTree = "<group>";
		};
		DBA8507A293DE3D6001A3B6D /* Preview Content */ = {
			isa = PBXGroup;
			children = (
				DBA8507B293DE3D6001A3B6D /* Preview Assets.xcassets */,
			);
			path = "Preview Content";
			sourceTree = "<group>";
		};
/* End PBXGroup section */

/* Begin PBXNativeTarget section */
		DBA8506F293DE3D4001A3B6D /* XmlParse */ = {
			isa = PBXNativeTarget;
			buildConfigurationList = DBA8507F293DE3D6001A3B6D /* Build configuration list for PBXNativeTarget "XmlParse" */;
			buildPhases = (
				DBA8506C293DE3D4001A3B6D /* Sources */,
				DBA8506D293DE3D4001A3B6D /* Frameworks */,
				DBA8506E293DE3D4001A3B6D /* Resources */,
			);
			buildRules = (
			);
			dependencies = (
			);
			name = XmlParse;
			productName = XmlParse;
			productReference = DBA85070293DE3D4001A3B6D /* XmlParse.app */;
			productType = "com.apple.product-type.application";
		};
/* End PBXNativeTarget section */

/* Begin PBXProject section */
		DBA85068293DE3D4001A3B6D /* Project object */ = {
			isa = PBXProject;
			attributes = {
				BuildIndependentTargetsInParallel = 1;
				LastSwiftUpdateCheck = 1410;
				LastUpgradeCheck = 1410;
				TargetAttributes = {
					DBA8506F293DE3D4001A3B6D = {
						CreatedOnToolsVersion = 14.1;
					};
				};
			};
			buildConfigurationList = DBA8506B293DE3D4001A3B6D /* Build configuration list for PBXProject "XmlParse" */;
			compatibilityVersion = "Xcode 14.0";
			developmentRegion = en;
			hasScannedForEncodings = 0;
			knownRegions = (
				en,
				Base,
				nb,
			);
			mainGroup = DBA85067293DE3D4001A3B6D;
			productRefGroup = DBA85071293DE3D4001A3B6D /* Products */;
			projectDirPath = "";
			projectRoot = "";
			targets = (
				DBA8506F293DE3D4001A3B6D /* XmlParse */,
			);
		};
/* End PBXProject section */

/* Begin PBXResourcesBuildPhase section */
		DBA8506E293DE3D4001A3B6D /* Resources */ = {
			isa = PBXResourcesBuildPhase;
			buildActionMask = 2147483647;
			files = (
				DBA85083293DE438001A3B6D /* test.xml in Resources */,
				DBA85088293E4A88001A3B6D /* Localizable.strings in Resources */,
				DBA8507C293DE3D6001A3B6D /* Preview Assets.xcassets in Resources */,
				DBA85078293DE3D6001A3B6D /* Assets.xcassets in Resources */,
			);
			runOnlyForDeploymentPostprocessing = 0;
		};
/* End PBXResourcesBuildPhase section */

/* Begin PBXSourcesBuildPhase section */
		DBA8506C293DE3D4001A3B6D /* Sources */ = {
			isa = PBXSourcesBuildPhase;
			buildActionMask = 2147483647;
			files = (
				DBA8508C293E5844001A3B6D /* SunInfo.swift in Sources */,
				DBA8508A293E5346001A3B6D /* FormatDateToString.swift in Sources */,
				DBA85085293DE682001A3B6D /* SunParser.swift in Sources */,
				DBA85076293DE3D4001A3B6D /* ContentView.swift in Sources */,
				DBA85074293DE3D4001A3B6D /* XmlParseApp.swift in Sources */,
			);
			runOnlyForDeploymentPostprocessing = 0;
		};
/* End PBXSourcesBuildPhase section */

/* Begin PBXVariantGroup section */
		DBA85086293E4A88001A3B6D /* Localizable.strings */ = {
			isa = PBXVariantGroup;
			children = (
				DBA85087293E4A88001A3B6D /* nb */,
			);
			name = Localizable.strings;
			sourceTree = "<group>";
		};
/* End PBXVariantGroup section */

/* Begin XCBuildConfiguration section */
		DBA8507D293DE3D6001A3B6D /* Debug */ = {
			isa = XCBuildConfiguration;
			buildSettings = {
				ALWAYS_SEARCH_USER_PATHS = NO;
				CLANG_ANALYZER_NONNULL = YES;
				CLANG_ANALYZER_NUMBER_OBJECT_CONVERSION = YES_AGGRESSIVE;
				CLANG_CXX_LANGUAGE_STANDARD = "gnu++20";
				CLANG_ENABLE_MODULES = YES;
				CLANG_ENABLE_OBJC_ARC = YES;
				CLANG_ENABLE_OBJC_WEAK = YES;
				CLANG_WARN_BLOCK_CAPTURE_AUTORELEASING = YES;
				CLANG_WARN_BOOL_CONVERSION = YES;
				CLANG_WARN_COMMA = YES;
				CLANG_WARN_CONSTANT_CONVERSION = YES;
				CLANG_WARN_DEPRECATED_OBJC_IMPLEMENTATIONS = YES;
				CLANG_WARN_DIRECT_OBJC_ISA_USAGE = YES_ERROR;
				CLANG_WARN_DOCUMENTATION_COMMENTS = YES;
				CLANG_WARN_EMPTY_BODY = YES;
				CLANG_WARN_ENUM_CONVERSION = YES;
				CLANG_WARN_INFINITE_RECURSION = YES;
				CLANG_WARN_INT_CONVERSION = YES;
				CLANG_WARN_NON_LITERAL_NULL_CONVERSION = YES;
				CLANG_WARN_OBJC_IMPLICIT_RETAIN_SELF = YES;
				CLANG_WARN_OBJC_LITERAL_CONVERSION = YES;
				CLANG_WARN_OBJC_ROOT_CLASS = YES_ERROR;
				CLANG_WARN_QUOTED_INCLUDE_IN_FRAMEWORK_HEADER = YES;
				CLANG_WARN_RANGE_LOOP_ANALYSIS = YES;
				CLANG_WARN_STRICT_PROTOTYPES = YES;
				CLANG_WARN_SUSPICIOUS_MOVE = YES;
				CLANG_WARN_UNGUARDED_AVAILABILITY = YES_AGGRESSIVE;
				CLANG_WARN_UNREACHABLE_CODE = YES;
				CLANG_WARN__DUPLICATE_METHOD_MATCH = YES;
				COPY_PHASE_STRIP = NO;
				DEBUG_INFORMATION_FORMAT = dwarf;
				ENABLE_STRICT_OBJC_MSGSEND = YES;
				ENABLE_TESTABILITY = YES;
				GCC_C_LANGUAGE_STANDARD = gnu11;
				GCC_DYNAMIC_NO_PIC = NO;
				GCC_NO_COMMON_BLOCKS = YES;
				GCC_OPTIMIZATION_LEVEL = 0;
				GCC_PREPROCESSOR_DEFINITIONS = (
					"DEBUG=1",
					"$(inherited)",
				);
				GCC_WARN_64_TO_32_BIT_CONVERSION = YES;
				GCC_WARN_ABOUT_RETURN_TYPE = YES_ERROR;
				GCC_WARN_UNDECLARED_SELECTOR = YES;
				GCC_WARN_UNINITIALIZED_AUTOS = YES_AGGRESSIVE;
				GCC_WARN_UNUSED_FUNCTION = YES;
				GCC_WARN_UNUSED_VARIABLE = YES;
				MTL_ENABLE_DEBUG_INFO = INCLUDE_SOURCE;
				MTL_FAST_MATH = YES;
				ONLY_ACTIVE_ARCH = YES;
				SWIFT_ACTIVE_COMPILATION_CONDITIONS = DEBUG;
				SWIFT_OPTIMIZATION_LEVEL = "-Onone";
			};
			name = Debug;
		};
		DBA8507E293DE3D6001A3B6D /* Release */ = {
			isa = XCBuildConfiguration;
			buildSettings = {
				ALWAYS_SEARCH_USER_PATHS = NO;
				CLANG_ANALYZER_NONNULL = YES;
				CLANG_ANALYZER_NUMBER_OBJECT_CONVERSION = YES_AGGRESSIVE;
				CLANG_CXX_LANGUAGE_STANDARD = "gnu++20";
				CLANG_ENABLE_MODULES = YES;
				CLANG_ENABLE_OBJC_ARC = YES;
				CLANG_ENABLE_OBJC_WEAK = YES;
				CLANG_WARN_BLOCK_CAPTURE_AUTORELEASING = YES;
				CLANG_WARN_BOOL_CONVERSION = YES;
				CLANG_WARN_COMMA = YES;
				CLANG_WARN_CONSTANT_CONVERSION = YES;
				CLANG_WARN_DEPRECATED_OBJC_IMPLEMENTATIONS = YES;
				CLANG_WARN_DIRECT_OBJC_ISA_USAGE = YES_ERROR;
				CLANG_WARN_DOCUMENTATION_COMMENTS = YES;
				CLANG_WARN_EMPTY_BODY = YES;
				CLANG_WARN_ENUM_CONVERSION = YES;
				CLANG_WARN_INFINITE_RECURSION = YES;
				CLANG_WARN_INT_CONVERSION = YES;
				CLANG_WARN_NON_LITERAL_NULL_CONVERSION = YES;
				CLANG_WARN_OBJC_IMPLICIT_RETAIN_SELF = YES;
				CLANG_WARN_OBJC_LITERAL_CONVERSION = YES;
				CLANG_WARN_OBJC_ROOT_CLASS = YES_ERROR;
				CLANG_WARN_QUOTED_INCLUDE_IN_FRAMEWORK_HEADER = YES;
				CLANG_WARN_RANGE_LOOP_ANALYSIS = YES;
				CLANG_WARN_STRICT_PROTOTYPES = YES;
				CLANG_WARN_SUSPICIOUS_MOVE = YES;
				CLANG_WARN_UNGUARDED_AVAILABILITY = YES_AGGRESSIVE;
				CLANG_WARN_UNREACHABLE_CODE = YES;
				CLANG_WARN__DUPLICATE_METHOD_MATCH = YES;
				COPY_PHASE_STRIP = NO;
				DEBUG_INFORMATION_FORMAT = "dwarf-with-dsym";
				ENABLE_NS_ASSERTIONS = NO;
				ENABLE_STRICT_OBJC_MSGSEND = YES;
				GCC_C_LANGUAGE_STANDARD = gnu11;
				GCC_NO_COMMON_BLOCKS = YES;
				GCC_WARN_64_TO_32_BIT_CONVERSION = YES;
				GCC_WARN_ABOUT_RETURN_TYPE = YES_ERROR;
				GCC_WARN_UNDECLARED_SELECTOR = YES;
				GCC_WARN_UNINITIALIZED_AUTOS = YES_AGGRESSIVE;
				GCC_WARN_UNUSED_FUNCTION = YES;
				GCC_WARN_UNUSED_VARIABLE = YES;
				MTL_ENABLE_DEBUG_INFO = NO;
				MTL_FAST_MATH = YES;
				SWIFT_COMPILATION_MODE = wholemodule;
				SWIFT_OPTIMIZATION_LEVEL = "-O";
			};
			name = Release;
		};
		DBA85080293DE3D6001A3B6D /* Debug */ = {
			isa = XCBuildConfiguration;
			buildSettings = {
				ASSETCATALOG_COMPILER_APPICON_NAME = AppIcon;
				ASSETCATALOG_COMPILER_GLOBAL_ACCENT_COLOR_NAME = AccentColor;
				CODE_SIGN_ENTITLEMENTS = XmlParse/XmlParse.entitlements;
				CODE_SIGN_STYLE = Automatic;
				CURRENT_PROJECT_VERSION = 1;
				DEVELOPMENT_ASSET_PATHS = "\"XmlParse/Preview Content\"";
				DEVELOPMENT_TEAM = 6UR9TA6744;
				ENABLE_HARDENED_RUNTIME = YES;
				ENABLE_PREVIEWS = YES;
				GENERATE_INFOPLIST_FILE = YES;
				"INFOPLIST_KEY_UIApplicationSceneManifest_Generation[sdk=iphoneos*]" = YES;
				"INFOPLIST_KEY_UIApplicationSceneManifest_Generation[sdk=iphonesimulator*]" = YES;
				"INFOPLIST_KEY_UIApplicationSupportsIndirectInputEvents[sdk=iphoneos*]" = YES;
				"INFOPLIST_KEY_UIApplicationSupportsIndirectInputEvents[sdk=iphonesimulator*]" = YES;
				"INFOPLIST_KEY_UILaunchScreen_Generation[sdk=iphoneos*]" = YES;
				"INFOPLIST_KEY_UILaunchScreen_Generation[sdk=iphonesimulator*]" = YES;
				"INFOPLIST_KEY_UIStatusBarStyle[sdk=iphoneos*]" = UIStatusBarStyleDefault;
				"INFOPLIST_KEY_UIStatusBarStyle[sdk=iphonesimulator*]" = UIStatusBarStyleDefault;
				INFOPLIST_KEY_UISupportedInterfaceOrientations_iPad = "UIInterfaceOrientationPortrait UIInterfaceOrientationPortraitUpsideDown UIInterfaceOrientationLandscapeLeft UIInterfaceOrientationLandscapeRight";
				INFOPLIST_KEY_UISupportedInterfaceOrientations_iPhone = "UIInterfaceOrientationPortrait UIInterfaceOrientationLandscapeLeft UIInterfaceOrientationLandscapeRight";
				IPHONEOS_DEPLOYMENT_TARGET = 16.1;
				LD_RUNPATH_SEARCH_PATHS = "@executable_path/Frameworks";
				"LD_RUNPATH_SEARCH_PATHS[sdk=macosx*]" = "@executable_path/../Frameworks";
				MACOSX_DEPLOYMENT_TARGET = 13.0;
				MARKETING_VERSION = 1.0;
				PRODUCT_BUNDLE_IDENTIFIER = com.janhovland.XmlParse;
				PRODUCT_NAME = "$(TARGET_NAME)";
				SDKROOT = auto;
				SUPPORTED_PLATFORMS = "iphoneos iphonesimulator macosx";
				SWIFT_EMIT_LOC_STRINGS = YES;
				SWIFT_VERSION = 5.0;
				TARGETED_DEVICE_FAMILY = "1,2";
			};
			name = Debug;
		};
		DBA85081293DE3D6001A3B6D /* Release */ = {
			isa = XCBuildConfiguration;
			buildSettings = {
				ASSETCATALOG_COMPILER_APPICON_NAME = AppIcon;
				ASSETCATALOG_COMPILER_GLOBAL_ACCENT_COLOR_NAME = AccentColor;
				CODE_SIGN_ENTITLEMENTS = XmlParse/XmlParse.entitlements;
				CODE_SIGN_STYLE = Automatic;
				CURRENT_PROJECT_VERSION = 1;
				DEVELOPMENT_ASSET_PATHS = "\"XmlParse/Preview Content\"";
				DEVELOPMENT_TEAM = 6UR9TA6744;
				ENABLE_HARDENED_RUNTIME = YES;
				ENABLE_PREVIEWS = YES;
				GENERATE_INFOPLIST_FILE = YES;
				"INFOPLIST_KEY_UIApplicationSceneManifest_Generation[sdk=iphoneos*]" = YES;
				"INFOPLIST_KEY_UIApplicationSceneManifest_Generation[sdk=iphonesimulator*]" = YES;
				"INFOPLIST_KEY_UIApplicationSupportsIndirectInputEvents[sdk=iphoneos*]" = YES;
				"INFOPLIST_KEY_UIApplicationSupportsIndirectInputEvents[sdk=iphonesimulator*]" = YES;
				"INFOPLIST_KEY_UILaunchScreen_Generation[sdk=iphoneos*]" = YES;
				"INFOPLIST_KEY_UILaunchScreen_Generation[sdk=iphonesimulator*]" = YES;
				"INFOPLIST_KEY_UIStatusBarStyle[sdk=iphoneos*]" = UIStatusBarStyleDefault;
				"INFOPLIST_KEY_UIStatusBarStyle[sdk=iphonesimulator*]" = UIStatusBarStyleDefault;
				INFOPLIST_KEY_UISupportedInterfaceOrientations_iPad = "UIInterfaceOrientationPortrait UIInterfaceOrientationPortraitUpsideDown UIInterfaceOrientationLandscapeLeft UIInterfaceOrientationLandscapeRight";
				INFOPLIST_KEY_UISupportedInterfaceOrientations_iPhone = "UIInterfaceOrientationPortrait UIInterfaceOrientationLandscapeLeft UIInterfaceOrientationLandscapeRight";
				IPHONEOS_DEPLOYMENT_TARGET = 16.1;
				LD_RUNPATH_SEARCH_PATHS = "@executable_path/Frameworks";
				"LD_RUNPATH_SEARCH_PATHS[sdk=macosx*]" = "@executable_path/../Frameworks";
				MACOSX_DEPLOYMENT_TARGET = 13.0;
				MARKETING_VERSION = 1.0;
				PRODUCT_BUNDLE_IDENTIFIER = com.janhovland.XmlParse;
				PRODUCT_NAME = "$(TARGET_NAME)";
				SDKROOT = auto;
				SUPPORTED_PLATFORMS = "iphoneos iphonesimulator macosx";
				SWIFT_EMIT_LOC_STRINGS = YES;
				SWIFT_VERSION = 5.0;
				TARGETED_DEVICE_FAMILY = "1,2";
			};
			name = Release;
		};
/* End XCBuildConfiguration section */

/* Begin XCConfigurationList section */
		DBA8506B293DE3D4001A3B6D /* Build configuration list for PBXProject "XmlParse" */ = {
			isa = XCConfigurationList;
			buildConfigurations = (
				DBA8507D293DE3D6001A3B6D /* Debug */,
				DBA8507E293DE3D6001A3B6D /* Release */,
			);
			defaultConfigurationIsVisible = 0;
			defaultConfigurationName = Release;
		};
		DBA8507F293DE3D6001A3B6D /* Build configuration list for PBXNativeTarget "XmlParse" */ = {
			isa = XCConfigurationList;
			buildConfigurations = (
				DBA85080293DE3D6001A3B6D /* Debug */,
				DBA85081293DE3D6001A3B6D /* Release */,
			);
			defaultConfigurationIsVisible = 0;
			defaultConfigurationName = Release;
		};
/* End XCConfigurationList section */
	};
	rootObject = DBA85068293DE3D4001A3B6D /* Project object */;
}
